PODS:
  - CocoaAsyncSocket (7.6.4)
  - CocoaLumberjack (3.6.1):
    - CocoaLumberjack/Core (= 3.6.1)
  - CocoaLumberjack/Core (3.6.1)
  - DYVideoCamera (1.1.1):
    - CocoaAsyncSocket
    - CocoaLumberjack
    - GPUImage
    - lottie-ios_Oc
    - Masonry
  - GPUImage (0.2.1)
  - lottie-ios_Oc (0.0.1)
  - Masonry (1.1.0)
  - MBProgressHUD (1.2.0)
  - PLPlayerKit (3.4.3):
    - PLPlayerKit/universal (= 3.4.3)
  - PLPlayerKit/universal (3.4.3)

DEPENDENCIES:
  - DYVideoCamera (from `../`)
  - GPUImage (from `https://github.com/doubleYang1020/GPUImage`)
  - MBProgressHUD
  - PLPlayerKit (from `https://raw.githubusercontent.com/pili-engineering/PLPlayerKit/master/PLPlayerKit-Universal.podspec`)

SPEC REPOS:
  trunk:
    - CocoaAsyncSocket
    - CocoaLumberjack
    - lottie-ios_Oc
    - Masonry
    - MBProgressHUD

EXTERNAL SOURCES:
  DYVideoCamera:
    :path: "../"
  GPUImage:
    :git: https://github.com/doubleYang1020/GPUImage
  PLPlayerKit:
    :podspec: https://raw.githubusercontent.com/pili-engineering/PLPlayerKit/master/PLPlayerKit-Universal.podspec

CHECKOUT OPTIONS:
  GPUImage:
    :commit: 84e2e45f230ac088e64e3d08d92c6a1c2efbfeb7
    :git: https://github.com/doubleYang1020/GPUImage

SPEC CHECKSUMS:
  CocoaAsyncSocket: 694058e7c0ed05a9e217d1b3c7ded962f4180845
  CocoaLumberjack: b17ae15142558d08bbacf69775fa10c4abbebcc9
  DYVideoCamera: fc3f3c9ec792fc27169215508e3dafb98c0eba5c
  GPUImage: 23cdee2a8cbf7059d5743860f3ad459bd0b16276
  lottie-ios_Oc: 246311aa2a6106fe03cb34e3e30f8daf7e1e7d9a
  Masonry: 678fab65091a9290e40e2832a55e7ab731aad201
  MBProgressHUD: 3ee5efcc380f6a79a7cc9b363dd669c5e1ae7406
  PLPlayerKit: 5eecac081fbf4dc88a142887f82c4095d9095887

PODFILE CHECKSUM: 34f9f27f4669a0bc368884173a5db2dda5d77004

COCOAPODS: 1.8.3
